
Microsoft Visual Studio Solution File, Format Version 12.00
# Visual Studio 15
VisualStudioVersion = 15.0.28307.705
MinimumVisualStudioVersion = 10.0.40219.1
Project("{9A19103F-16F7-4668-BE54-9A1E7A4F7556}") = "AttachmentSystem", "Attachment\AttachmentSystem.csproj", "{C4A0FB4A-CA27-482A-B92D-F6FB0EDC2B3A}"
EndProject
Project("{9A19103F-16F7-4668-BE54-9A1E7A4F7556}") = "AttachmentSystem.Store.SqlServer", "AttachmentSystem.Store.SqlServer\AttachmentSystem.Store.SqlServer.csproj", "{01BC3E97-6442-43CD-8B00-2A7D771D3C05}"
EndProject
Project("{9A19103F-16F7-4668-BE54-9A1E7A4F7556}") = "AttachmentSystem.UnitTest", "AttachmentSystem.Test\AttachmentSystem.UnitTest.csproj", "{95E472B7-F3C6-43E7-A588-F19C55B0D042}"
EndProject
Project("{9A19103F-16F7-4668-BE54-9A1E7A4F7556}") = "AttachmentSystem.SessionProvider.Cookie", "AttachmentSystem.TokenProvider.Cookie\AttachmentSystem.SessionProvider.Cookie.csproj", "{2EE33982-99E5-47B8-B292-30421400CD29}"
EndProject
Project("{9A19103F-16F7-4668-BE54-9A1E7A4F7556}") = "DemoApplication", "DemoApplication\DemoApplication.csproj", "{E9AB5CA6-FD00-440D-A4EF-BB25A033C670}"
EndProject
Project("{E24C65DC-7377-472B-9ABA-BC803B73C61A}") = "AttachmentSystem.Component", "AttachmentSystem.Component\", "{36B482A8-45A9-4774-ACB3-D31047015778}"
	ProjectSection(WebsiteProperties) = preProject
		TargetFrameworkMoniker = ".NETFramework,Version%3Dv4.0"
		Debug.AspNetCompiler.VirtualPath = "/localhost_2988"
		Debug.AspNetCompiler.PhysicalPath = "AttachmentSystem.Component\"
		Debug.AspNetCompiler.TargetPath = "PrecompiledWeb\localhost_2988\"
		Debug.AspNetCompiler.Updateable = "true"
		Debug.AspNetCompiler.ForceOverwrite = "true"
		Debug.AspNetCompiler.FixedNames = "false"
		Debug.AspNetCompiler.Debug = "True"
		Release.AspNetCompiler.VirtualPath = "/localhost_2988"
		Release.AspNetCompiler.PhysicalPath = "AttachmentSystem.Component\"
		Release.AspNetCompiler.TargetPath = "PrecompiledWeb\localhost_2988\"
		Release.AspNetCompiler.Updateable = "true"
		Release.AspNetCompiler.ForceOverwrite = "true"
		Release.AspNetCompiler.FixedNames = "false"
		Release.AspNetCompiler.Debug = "False"
		VWDPort = "2988"
		SlnRelativePath = "AttachmentSystem.Component\"
	EndProjectSection
EndProject
Project("{FAE04EC0-301F-11D3-BF4B-00C04F79EFBC}") = "AttachmentSystem.Common", "AttachmentSystem.Common\AttachmentSystem.Common.csproj", "{E2D9422F-0776-4E50-9C37-99629888C4EC}"
EndProject
Global
	GlobalSection(SolutionConfigurationPlatforms) = preSolution
		Debug|Any CPU = Debug|Any CPU
		Release|Any CPU = Release|Any CPU
	EndGlobalSection
	GlobalSection(ProjectConfigurationPlatforms) = postSolution
		{C4A0FB4A-CA27-482A-B92D-F6FB0EDC2B3A}.Debug|Any CPU.ActiveCfg = Debug|Any CPU
		{C4A0FB4A-CA27-482A-B92D-F6FB0EDC2B3A}.Debug|Any CPU.Build.0 = Debug|Any CPU
		{C4A0FB4A-CA27-482A-B92D-F6FB0EDC2B3A}.Release|Any CPU.ActiveCfg = Release|Any CPU
		{C4A0FB4A-CA27-482A-B92D-F6FB0EDC2B3A}.Release|Any CPU.Build.0 = Release|Any CPU
		{01BC3E97-6442-43CD-8B00-2A7D771D3C05}.Debug|Any CPU.ActiveCfg = Debug|Any CPU
		{01BC3E97-6442-43CD-8B00-2A7D771D3C05}.Debug|Any CPU.Build.0 = Debug|Any CPU
		{01BC3E97-6442-43CD-8B00-2A7D771D3C05}.Release|Any CPU.ActiveCfg = Release|Any CPU
		{01BC3E97-6442-43CD-8B00-2A7D771D3C05}.Release|Any CPU.Build.0 = Release|Any CPU
		{95E472B7-F3C6-43E7-A588-F19C55B0D042}.Debug|Any CPU.ActiveCfg = Debug|Any CPU
		{95E472B7-F3C6-43E7-A588-F19C55B0D042}.Debug|Any CPU.Build.0 = Debug|Any CPU
		{95E472B7-F3C6-43E7-A588-F19C55B0D042}.Release|Any CPU.ActiveCfg = Release|Any CPU
		{95E472B7-F3C6-43E7-A588-F19C55B0D042}.Release|Any CPU.Build.0 = Release|Any CPU
		{2EE33982-99E5-47B8-B292-30421400CD29}.Debug|Any CPU.ActiveCfg = Debug|Any CPU
		{2EE33982-99E5-47B8-B292-30421400CD29}.Debug|Any CPU.Build.0 = Debug|Any CPU
		{2EE33982-99E5-47B8-B292-30421400CD29}.Release|Any CPU.ActiveCfg = Release|Any CPU
		{2EE33982-99E5-47B8-B292-30421400CD29}.Release|Any CPU.Build.0 = Release|Any CPU
		{E9AB5CA6-FD00-440D-A4EF-BB25A033C670}.Debug|Any CPU.ActiveCfg = Debug|Any CPU
		{E9AB5CA6-FD00-440D-A4EF-BB25A033C670}.Debug|Any CPU.Build.0 = Debug|Any CPU
		{E9AB5CA6-FD00-440D-A4EF-BB25A033C670}.Release|Any CPU.ActiveCfg = Release|Any CPU
		{E9AB5CA6-FD00-440D-A4EF-BB25A033C670}.Release|Any CPU.Build.0 = Release|Any CPU
		{36B482A8-45A9-4774-ACB3-D31047015778}.Debug|Any CPU.ActiveCfg = Debug|Any CPU
		{36B482A8-45A9-4774-ACB3-D31047015778}.Debug|Any CPU.Build.0 = Debug|Any CPU
		{36B482A8-45A9-4774-ACB3-D31047015778}.Release|Any CPU.ActiveCfg = Debug|Any CPU
		{36B482A8-45A9-4774-ACB3-D31047015778}.Release|Any CPU.Build.0 = Debug|Any CPU
		{E2D9422F-0776-4E50-9C37-99629888C4EC}.Debug|Any CPU.ActiveCfg = Debug|Any CPU
		{E2D9422F-0776-4E50-9C37-99629888C4EC}.Debug|Any CPU.Build.0 = Debug|Any CPU
		{E2D9422F-0776-4E50-9C37-99629888C4EC}.Release|Any CPU.ActiveCfg = Release|Any CPU
		{E2D9422F-0776-4E50-9C37-99629888C4EC}.Release|Any CPU.Build.0 = Release|Any CPU
	EndGlobalSection
	GlobalSection(SolutionProperties) = preSolution
		HideSolutionNode = FALSE
	EndGlobalSection
	GlobalSection(ExtensibilityGlobals) = postSolution
		SolutionGuid = {87F54756-5801-4415-AB4E-B4D12F2EEBCF}
	EndGlobalSection
EndGlobal
