{
  "name": "demoapplication",
  "version": "1.0.0",
  "lockfileVersion": 1,
  "requires": true,
  "dependencies": {
    "@stencil/state-tunnel": {
      "version": "1.0.1",
      "resolved": "https://registry.npmjs.org/@stencil/state-tunnel/-/state-tunnel-1.0.1.tgz",
      "integrity": "sha512-DYG8uROgL9hkjVTCtCfRBb0d3FwpiFB0muRrNZQ2X1Qo5hxMuNNji76/ILddqeq0AfgkKCW82xrMPDpy+rNIhQ=="
    },
    "attachment-core": {
      "version": "0.0.2",
      "resolved": "https://registry.npmjs.org/attachment-core/-/attachment-core-0.0.2.tgz",
      "integrity": "sha512-1IP/FSGj93Vye3mnUKkxiEb09xvfikpxMP627iRF+W66mYaSU2bKCyx4qJ7rOPpoGq6571JtAmC2/IDRI6/UZA==",
      "requires": {
        "@stencil/state-tunnel": "^1.0.1"
      }
    }
  }
}
